
Microsoft Visual Studio Solution File, Format Version 12.00
# Visual Studio Version 16
VisualStudioVersion = 16.0.30320.27
MinimumVisualStudioVersion = 10.0.40219.1
Project("{FAE04EC0-301F-11D3-BF4B-00C04F79EFBC}") = "EmployeeManagement.DAL", "EmployeeManagement.DAL\EmployeeManagement.DAL.csproj", "{42E7564F-6B91-4A08-AF6E-41292D7E7907}"
EndProject
Project("{FAE04EC0-301F-11D3-BF4B-00C04F79EFBC}") = "EmployeeManagement.BLL", "EmployeeManagement.BLL\EmployeeManagement.BLL.csproj", "{E97571E4-16BD-4B41-BDEE-DDDCF57EAC3A}"
EndProject
Project("{FAE04EC0-301F-11D3-BF4B-00C04F79EFBC}") = "EmployeeManagement.DTOs", "EmployeeManagement.DTOs\EmployeeManagement.DTOs.csproj", "{A18E5D0B-C2FB-423D-95B4-B1F9569FFDE7}"
EndProject
Project("{FAE04EC0-301F-11D3-BF4B-00C04F79EFBC}") = "EmployeeManagement.UI", "EmployeeManagement.UI\EmployeeManagement.UI.csproj", "{B63FE9CD-14C5-4E9C-A976-B11B2BA3F11A}"
EndProject
Project("{2150E333-8FDC-42A3-9474-1A3956D46DE8}") = "Knowledgebase", "Knowledgebase", "{4CFB11B0-CD78-4147-BF33-1675A6A82B4B}"
	ProjectSection(SolutionItems) = preProject
		Knowledgebase.txt = Knowledgebase.txt
	EndProjectSection
EndProject
Global
	GlobalSection(SolutionConfigurationPlatforms) = preSolution
		Debug|Any CPU = Debug|Any CPU
		Release|Any CPU = Release|Any CPU
	EndGlobalSection
	GlobalSection(ProjectConfigurationPlatforms) = postSolution
		{42E7564F-6B91-4A08-AF6E-41292D7E7907}.Debug|Any CPU.ActiveCfg = Debug|Any CPU
		{42E7564F-6B91-4A08-AF6E-41292D7E7907}.Debug|Any CPU.Build.0 = Debug|Any CPU
		{42E7564F-6B91-4A08-AF6E-41292D7E7907}.Release|Any CPU.ActiveCfg = Release|Any CPU
		{42E7564F-6B91-4A08-AF6E-41292D7E7907}.Release|Any CPU.Build.0 = Release|Any CPU
		{E97571E4-16BD-4B41-BDEE-DDDCF57EAC3A}.Debug|Any CPU.ActiveCfg = Debug|Any CPU
		{E97571E4-16BD-4B41-BDEE-DDDCF57EAC3A}.Debug|Any CPU.Build.0 = Debug|Any CPU
		{E97571E4-16BD-4B41-BDEE-DDDCF57EAC3A}.Release|Any CPU.ActiveCfg = Release|Any CPU
		{E97571E4-16BD-4B41-BDEE-DDDCF57EAC3A}.Release|Any CPU.Build.0 = Release|Any CPU
		{A18E5D0B-C2FB-423D-95B4-B1F9569FFDE7}.Debug|Any CPU.ActiveCfg = Debug|Any CPU
		{A18E5D0B-C2FB-423D-95B4-B1F9569FFDE7}.Debug|Any CPU.Build.0 = Debug|Any CPU
		{A18E5D0B-C2FB-423D-95B4-B1F9569FFDE7}.Release|Any CPU.ActiveCfg = Release|Any CPU
		{A18E5D0B-C2FB-423D-95B4-B1F9569FFDE7}.Release|Any CPU.Build.0 = Release|Any CPU
		{B63FE9CD-14C5-4E9C-A976-B11B2BA3F11A}.Debug|Any CPU.ActiveCfg = Debug|Any CPU
		{B63FE9CD-14C5-4E9C-A976-B11B2BA3F11A}.Debug|Any CPU.Build.0 = Debug|Any CPU
		{B63FE9CD-14C5-4E9C-A976-B11B2BA3F11A}.Release|Any CPU.ActiveCfg = Release|Any CPU
		{B63FE9CD-14C5-4E9C-A976-B11B2BA3F11A}.Release|Any CPU.Build.0 = Release|Any CPU
	EndGlobalSection
	GlobalSection(SolutionProperties) = preSolution
		HideSolutionNode = FALSE
	EndGlobalSection
	GlobalSection(ExtensibilityGlobals) = postSolution
		SolutionGuid = {31FFE5E9-F91F-4039-A4F8-076EFF13A4FE}
	EndGlobalSection
EndGlobal
